
Microsoft Visual Studio Solution File, Format Version 12.00
# Visual Studio Version 17
VisualStudioVersion = 17.0.31903.59
MinimumVisualStudioVersion = 10.0.40219.1
Project("{9A19103F-16F7-4668-BE54-9A1E7A4F7556}") = "PixelService", "PixelService\PixelService.csproj", "{7A28A974-7848-4EC6-B159-C90F6A7A5F8B}"
EndProject
Project("{9A19103F-16F7-4668-BE54-9A1E7A4F7556}") = "StorageService", "StorageService\StorageService.csproj", "{19605C22-897F-4F50-A776-ACC44571FACD}"
EndProject
Project("{9A19103F-16F7-4668-BE54-9A1E7A4F7556}") = "RabbitMqClientLib", "RabbitMqClientLib\RabbitMqClientLib.csproj", "{3DC814CB-569B-4360-A86A-01573B1D4A9C}"
EndProject
Project("{2150E333-8FDC-42A3-9474-1A3956D46DE8}") = "Elementos de la solución", "Elementos de la solución", "{AA383F31-1389-4C91-94B1-32C56E80E3DF}"
	ProjectSection(SolutionItems) = preProject
		docker-compose.yml = docker-compose.yml
		README.md = README.md
		wait-for-it.sh = wait-for-it.sh
	EndProjectSection
EndProject
Global
	GlobalSection(SolutionConfigurationPlatforms) = preSolution
		Debug|Any CPU = Debug|Any CPU
		Release|Any CPU = Release|Any CPU
	EndGlobalSection
	GlobalSection(ProjectConfigurationPlatforms) = postSolution
		{7A28A974-7848-4EC6-B159-C90F6A7A5F8B}.Debug|Any CPU.ActiveCfg = Debug|Any CPU
		{7A28A974-7848-4EC6-B159-C90F6A7A5F8B}.Debug|Any CPU.Build.0 = Debug|Any CPU
		{7A28A974-7848-4EC6-B159-C90F6A7A5F8B}.Release|Any CPU.ActiveCfg = Release|Any CPU
		{7A28A974-7848-4EC6-B159-C90F6A7A5F8B}.Release|Any CPU.Build.0 = Release|Any CPU
		{19605C22-897F-4F50-A776-ACC44571FACD}.Debug|Any CPU.ActiveCfg = Debug|Any CPU
		{19605C22-897F-4F50-A776-ACC44571FACD}.Debug|Any CPU.Build.0 = Debug|Any CPU
		{19605C22-897F-4F50-A776-ACC44571FACD}.Release|Any CPU.ActiveCfg = Release|Any CPU
		{19605C22-897F-4F50-A776-ACC44571FACD}.Release|Any CPU.Build.0 = Release|Any CPU
		{3DC814CB-569B-4360-A86A-01573B1D4A9C}.Debug|Any CPU.ActiveCfg = Debug|Any CPU
		{3DC814CB-569B-4360-A86A-01573B1D4A9C}.Debug|Any CPU.Build.0 = Debug|Any CPU
		{3DC814CB-569B-4360-A86A-01573B1D4A9C}.Release|Any CPU.ActiveCfg = Release|Any CPU
		{3DC814CB-569B-4360-A86A-01573B1D4A9C}.Release|Any CPU.Build.0 = Release|Any CPU
	EndGlobalSection
	GlobalSection(SolutionProperties) = preSolution
		HideSolutionNode = FALSE
	EndGlobalSection
	GlobalSection(ExtensibilityGlobals) = postSolution
		SolutionGuid = {885C7E98-2A21-4226-8B56-0D62C0238399}
	EndGlobalSection
EndGlobal
